Microsoft Visual Studio Solution File, Format Version 12.00
# Visual Studio 15
VisualStudioVersion = 15.0.26228.9
MinimumVisualStudioVersion = 10.0.40219.1

Project("{2150E333-8FDC-42A3-9474-1A3956D46DE8}") = "_Basic", "_Basic", "{4D7AA6CE-9187-4A04-B3DE-765EB9F4E96F}"
EndProject
Project("{2150E333-8FDC-42A3-9474-1A3956D46DE8}") = "Features", "Features", "{D202C0F3-9360-4550-A804-C407B157306D}"
EndProject
Project("{F184B08F-C81C-45F6-A57F-5ABD9991F28F}") = "BasicDemo", "BasicDemo\BasicDemo.vbproj", "{FECD7A6F-62B9-43C8-BC8C-6CF8C4E2C8F9}"
EndProject
Project("{F184B08F-C81C-45F6-A57F-5ABD9991F28F}") = "AlternateNames", "AlternateNames\AlternateNames.vbproj", "{EC2FD59A-8D11-071A-037C-73BDEF14A0EF}"
EndProject
Project("{F184B08F-C81C-45F6-A57F-5ABD9991F28F}") = "ConsolidatedMetadataContainer", "ConsolidatedMetadataContainer\ConsolidatedMetadataContainer.vbproj", "{5FC345AE-4C90-49D5-AE46-D15923F1EC80}"
EndProject
Project("{F184B08F-C81C-45F6-A57F-5ABD9991F28F}") = "CustomExpressionBuilderDemo", "CustomExpressionBuilderDemo\CustomExpressionBuilderDemo.vbproj", "{AB38581E-E234-4B17-B86F-540E36BCB419}"
EndProject
Project("{F184B08F-C81C-45F6-A57F-5ABD9991F28F}") = "DatasourceFieldsLinkingDragnDropDemo", "DatasourceFieldsLinkingDragnDropDemo\DatasourceFieldsLinkingDragnDropDemo.vbproj", "{C3DFD666-4185-439D-B771-556E7C0A3CA0}"
EndProject
Project("{F184B08F-C81C-45F6-A57F-5ABD9991F28F}") = "DragDropDemo", "DragDropDemo\DragDropDemo.vbproj", "{16429C30-8961-4A97-ACC9-4BFC282B99F5}"
EndProject
Project("{F184B08F-C81C-45F6-A57F-5ABD9991F28F}") = "FullFeaturedDemo", "FullFeaturedDemo\FullFeaturedDemo.vbproj", "{CB54E4B2-5636-4EBD-BCF5-35BA38CF09FA}"
EndProject
Project("{F184B08F-C81C-45F6-A57F-5ABD9991F28F}") = "FullFeaturedMdiDemo", "FullFeaturedMdiDemo\FullFeaturedMdiDemo.vbproj", "{1626D902-8242-4108-827E-5BF90BB79985}"
EndProject
Project("{F184B08F-C81C-45F6-A57F-5ABD9991F28F}") = "GeneralAssembly", "GeneralAssembly\GeneralAssembly.vbproj", "{47A94736-FB2A-4AE2-A282-74E138E7CDED}"
EndProject
Project("{F184B08F-C81C-45F6-A57F-5ABD9991F28F}") = "GeneralAssembly_ext", "GeneralAssembly_ext\GeneralAssembly_ext.vbproj", "{47A94736-FB2A-4AE2-A282-74E138E7CDEE}"
EndProject
Project("{F184B08F-C81C-45F6-A57F-5ABD9991F28F}") = "InterfaceCustomizationDemo", "InterfaceCustomizationDemo\InterfaceCustomizationDemo.vbproj", "{66DDC021-9FCC-46C9-9FC4-61956961B250}"
EndProject
Project("{F184B08F-C81C-45F6-A57F-5ABD9991F28F}") = "LoadMetadataDemo", "LoadMetadataDemo\LoadMetadataDemo.vbproj", "{3FDFC80A-C497-4AF3-9500-B0BCFAC98B74}"
EndProject
Project("{F184B08F-C81C-45F6-A57F-5ABD9991F28F}") = "QueryColumnsListCustomColumnsDemo", "QueryColumnsListCustomColumnsDemo\QueryColumnsListCustomColumnsDemo.vbproj", "{CD4FAFA4-8B25-4A24-9561-091E5413E1D7}"
EndProject
Project("{F184B08F-C81C-45F6-A57F-5ABD9991F28F}") = "QueryCreationDemo", "QueryCreationDemo\QueryCreationDemo.vbproj", "{636C191D-DE16-46D4-B4D8-91AD4403958B}"
EndProject
Project("{F184B08F-C81C-45F6-A57F-5ABD9991F28F}") = "QueryStructureDemo", "QueryStructureDemo\QueryStructureDemo.vbproj", "{827FB1CF-65F9-4D2A-A7C1-32446EE73E8A}"
EndProject
Project("{F184B08F-C81C-45F6-A57F-5ABD9991F28F}") = "QueryTransformerDemo", "QueryTransformerDemo\QueryTransformerDemo.vbproj", "{9B968EBC-E386-4B5B-B599-73F9ABE4B4CB}"
EndProject
Project("{F184B08F-C81C-45F6-A57F-5ABD9991F28F}") = "QueryUIEventsDemo", "QueryUIEventsDemo\QueryUIEventsDemo.vbproj", "{D0D074BD-470C-4ABE-A20D-BC283ECCE520}"
EndProject
Project("{F184B08F-C81C-45F6-A57F-5ABD9991F28F}") = "SeparatedComponents", "SeparatedComponents\SeparatedComponents.vbproj", "{4144D739-189C-4535-9EFA-A2AD4C7E081C}"
EndProject
Project("{F184B08F-C81C-45F6-A57F-5ABD9991F28F}") = "SubQueryTextEditingDemo", "SubQueryTextEditingDemo\SubQueryTextEditingDemo.vbproj", "{FFDEEC58-415E-48D0-ACFF-02F5C59D7B78}"
EndProject
Global
	GlobalSection(SolutionConfigurationPlatforms) = preSolution
		Debug|Any CPU = Debug|Any CPU
		Release|Any CPU = Release|Any CPU
	EndGlobalSection
	GlobalSection(ProjectConfigurationPlatforms) = postSolution
{FECD7A6F-62B9-43C8-BC8C-6CF8C4E2C8F9}.Debug|Any CPU.ActiveCfg = Debug|Any CPU
{FECD7A6F-62B9-43C8-BC8C-6CF8C4E2C8F9}.Debug|Any CPU.Build.0 = Debug|Any CPU
{FECD7A6F-62B9-43C8-BC8C-6CF8C4E2C8F9}.Release|Any CPU.ActiveCfg = Release|Any CPU
{FECD7A6F-62B9-43C8-BC8C-6CF8C4E2C8F9}.Release|Any CPU.Build.0 = Release|Any CPU

{EC2FD59A-8D11-071A-037C-73BDEF14A0EF}.Debug|Any CPU.ActiveCfg = Debug|Any CPU
{EC2FD59A-8D11-071A-037C-73BDEF14A0EF}.Debug|Any CPU.Build.0 = Debug|Any CPU
{EC2FD59A-8D11-071A-037C-73BDEF14A0EF}.Release|Any CPU.ActiveCfg = Release|Any CPU
{EC2FD59A-8D11-071A-037C-73BDEF14A0EF}.Release|Any CPU.Build.0 = Release|Any CPU

{5FC345AE-4C90-49D5-AE46-D15923F1EC80}.Debug|Any CPU.ActiveCfg = Debug|Any CPU
{5FC345AE-4C90-49D5-AE46-D15923F1EC80}.Debug|Any CPU.Build.0 = Debug|Any CPU
{5FC345AE-4C90-49D5-AE46-D15923F1EC80}.Release|Any CPU.ActiveCfg = Release|Any CPU
{5FC345AE-4C90-49D5-AE46-D15923F1EC80}.Release|Any CPU.Build.0 = Release|Any CPU

{AB38581E-E234-4B17-B86F-540E36BCB419}.Debug|Any CPU.ActiveCfg = Debug|Any CPU
{AB38581E-E234-4B17-B86F-540E36BCB419}.Debug|Any CPU.Build.0 = Debug|Any CPU
{AB38581E-E234-4B17-B86F-540E36BCB419}.Release|Any CPU.ActiveCfg = Release|Any CPU
{AB38581E-E234-4B17-B86F-540E36BCB419}.Release|Any CPU.Build.0 = Release|Any CPU

{C3DFD666-4185-439D-B771-556E7C0A3CA0}.Debug|Any CPU.ActiveCfg = Debug|Any CPU
{C3DFD666-4185-439D-B771-556E7C0A3CA0}.Debug|Any CPU.Build.0 = Debug|Any CPU
{C3DFD666-4185-439D-B771-556E7C0A3CA0}.Release|Any CPU.ActiveCfg = Release|Any CPU
{C3DFD666-4185-439D-B771-556E7C0A3CA0}.Release|Any CPU.Build.0 = Release|Any CPU

{16429C30-8961-4A97-ACC9-4BFC282B99F5}.Debug|Any CPU.ActiveCfg = Debug|Any CPU
{16429C30-8961-4A97-ACC9-4BFC282B99F5}.Debug|Any CPU.Build.0 = Debug|Any CPU
{16429C30-8961-4A97-ACC9-4BFC282B99F5}.Release|Any CPU.ActiveCfg = Release|Any CPU
{16429C30-8961-4A97-ACC9-4BFC282B99F5}.Release|Any CPU.Build.0 = Release|Any CPU

{CB54E4B2-5636-4EBD-BCF5-35BA38CF09FA}.Debug|Any CPU.ActiveCfg = Debug|Any CPU
{CB54E4B2-5636-4EBD-BCF5-35BA38CF09FA}.Debug|Any CPU.Build.0 = Debug|Any CPU
{CB54E4B2-5636-4EBD-BCF5-35BA38CF09FA}.Release|Any CPU.ActiveCfg = Release|Any CPU
{CB54E4B2-5636-4EBD-BCF5-35BA38CF09FA}.Release|Any CPU.Build.0 = Release|Any CPU

{1626D902-8242-4108-827E-5BF90BB79985}.Debug|Any CPU.ActiveCfg = Debug|Any CPU
{1626D902-8242-4108-827E-5BF90BB79985}.Debug|Any CPU.Build.0 = Debug|Any CPU
{1626D902-8242-4108-827E-5BF90BB79985}.Release|Any CPU.ActiveCfg = Release|Any CPU
{1626D902-8242-4108-827E-5BF90BB79985}.Release|Any CPU.Build.0 = Release|Any CPU

{47A94736-FB2A-4AE2-A282-74E138E7CDED}.Debug|Any CPU.ActiveCfg = Debug|Any CPU
{47A94736-FB2A-4AE2-A282-74E138E7CDED}.Debug|Any CPU.Build.0 = Debug|Any CPU
{47A94736-FB2A-4AE2-A282-74E138E7CDED}.Release|Any CPU.ActiveCfg = Release|Any CPU
{47A94736-FB2A-4AE2-A282-74E138E7CDED}.Release|Any CPU.Build.0 = Release|Any CPU

{47A94736-FB2A-4AE2-A282-74E138E7CDEE}.Debug|Any CPU.ActiveCfg = Debug|Any CPU
{47A94736-FB2A-4AE2-A282-74E138E7CDEE}.Debug|Any CPU.Build.0 = Debug|Any CPU
{47A94736-FB2A-4AE2-A282-74E138E7CDEE}.Release|Any CPU.ActiveCfg = Release|Any CPU
{47A94736-FB2A-4AE2-A282-74E138E7CDEE}.Release|Any CPU.Build.0 = Release|Any CPU

{66DDC021-9FCC-46C9-9FC4-61956961B250}.Debug|Any CPU.ActiveCfg = Debug|Any CPU
{66DDC021-9FCC-46C9-9FC4-61956961B250}.Debug|Any CPU.Build.0 = Debug|Any CPU
{66DDC021-9FCC-46C9-9FC4-61956961B250}.Release|Any CPU.ActiveCfg = Release|Any CPU
{66DDC021-9FCC-46C9-9FC4-61956961B250}.Release|Any CPU.Build.0 = Release|Any CPU

{3FDFC80A-C497-4AF3-9500-B0BCFAC98B74}.Debug|Any CPU.ActiveCfg = Debug|Any CPU
{3FDFC80A-C497-4AF3-9500-B0BCFAC98B74}.Debug|Any CPU.Build.0 = Debug|Any CPU
{3FDFC80A-C497-4AF3-9500-B0BCFAC98B74}.Release|Any CPU.ActiveCfg = Release|Any CPU
{3FDFC80A-C497-4AF3-9500-B0BCFAC98B74}.Release|Any CPU.Build.0 = Release|Any CPU

{CD4FAFA4-8B25-4A24-9561-091E5413E1D7}.Debug|Any CPU.ActiveCfg = Debug|Any CPU
{CD4FAFA4-8B25-4A24-9561-091E5413E1D7}.Debug|Any CPU.Build.0 = Debug|Any CPU
{CD4FAFA4-8B25-4A24-9561-091E5413E1D7}.Release|Any CPU.ActiveCfg = Release|Any CPU
{CD4FAFA4-8B25-4A24-9561-091E5413E1D7}.Release|Any CPU.Build.0 = Release|Any CPU

{636C191D-DE16-46D4-B4D8-91AD4403958B}.Debug|Any CPU.ActiveCfg = Debug|Any CPU
{636C191D-DE16-46D4-B4D8-91AD4403958B}.Debug|Any CPU.Build.0 = Debug|Any CPU
{636C191D-DE16-46D4-B4D8-91AD4403958B}.Release|Any CPU.ActiveCfg = Release|Any CPU
{636C191D-DE16-46D4-B4D8-91AD4403958B}.Release|Any CPU.Build.0 = Release|Any CPU

{827FB1CF-65F9-4D2A-A7C1-32446EE73E8A}.Debug|Any CPU.ActiveCfg = Debug|Any CPU
{827FB1CF-65F9-4D2A-A7C1-32446EE73E8A}.Debug|Any CPU.Build.0 = Debug|Any CPU
{827FB1CF-65F9-4D2A-A7C1-32446EE73E8A}.Release|Any CPU.ActiveCfg = Release|Any CPU
{827FB1CF-65F9-4D2A-A7C1-32446EE73E8A}.Release|Any CPU.Build.0 = Release|Any CPU

{9B968EBC-E386-4B5B-B599-73F9ABE4B4CB}.Debug|Any CPU.ActiveCfg = Debug|Any CPU
{9B968EBC-E386-4B5B-B599-73F9ABE4B4CB}.Debug|Any CPU.Build.0 = Debug|Any CPU
{9B968EBC-E386-4B5B-B599-73F9ABE4B4CB}.Release|Any CPU.ActiveCfg = Release|Any CPU
{9B968EBC-E386-4B5B-B599-73F9ABE4B4CB}.Release|Any CPU.Build.0 = Release|Any CPU

{D0D074BD-470C-4ABE-A20D-BC283ECCE520}.Debug|Any CPU.ActiveCfg = Debug|Any CPU
{D0D074BD-470C-4ABE-A20D-BC283ECCE520}.Debug|Any CPU.Build.0 = Debug|Any CPU
{D0D074BD-470C-4ABE-A20D-BC283ECCE520}.Release|Any CPU.ActiveCfg = Release|Any CPU
{D0D074BD-470C-4ABE-A20D-BC283ECCE520}.Release|Any CPU.Build.0 = Release|Any CPU

{4144D739-189C-4535-9EFA-A2AD4C7E081C}.Debug|Any CPU.ActiveCfg = Debug|Any CPU
{4144D739-189C-4535-9EFA-A2AD4C7E081C}.Debug|Any CPU.Build.0 = Debug|Any CPU
{4144D739-189C-4535-9EFA-A2AD4C7E081C}.Release|Any CPU.ActiveCfg = Release|Any CPU
{4144D739-189C-4535-9EFA-A2AD4C7E081C}.Release|Any CPU.Build.0 = Release|Any CPU

{FFDEEC58-415E-48D0-ACFF-02F5C59D7B78}.Debug|Any CPU.ActiveCfg = Debug|Any CPU
{FFDEEC58-415E-48D0-ACFF-02F5C59D7B78}.Debug|Any CPU.Build.0 = Debug|Any CPU
{FFDEEC58-415E-48D0-ACFF-02F5C59D7B78}.Release|Any CPU.ActiveCfg = Release|Any CPU
{FFDEEC58-415E-48D0-ACFF-02F5C59D7B78}.Release|Any CPU.Build.0 = Release|Any CPU


	EndGlobalSection
	GlobalSection(SolutionProperties) = preSolution
		HideSolutionNode = FALSE
	EndGlobalSection
	GlobalSection(NestedProjects) = preSolution
{FECD7A6F-62B9-43C8-BC8C-6CF8C4E2C8F9} = {4D7AA6CE-9187-4A04-B3DE-765EB9F4E96F}
{EC2FD59A-8D11-071A-037C-73BDEF14A0EF} = {D202C0F3-9360-4550-A804-C407B157306D}
{5FC345AE-4C90-49D5-AE46-D15923F1EC80} = {D202C0F3-9360-4550-A804-C407B157306D}
{AB38581E-E234-4B17-B86F-540E36BCB419} = {D202C0F3-9360-4550-A804-C407B157306D}
{C3DFD666-4185-439D-B771-556E7C0A3CA0} = {D202C0F3-9360-4550-A804-C407B157306D}
{16429C30-8961-4A97-ACC9-4BFC282B99F5} = {D202C0F3-9360-4550-A804-C407B157306D}
{CB54E4B2-5636-4EBD-BCF5-35BA38CF09FA} = {4D7AA6CE-9187-4A04-B3DE-765EB9F4E96F}
{1626D902-8242-4108-827E-5BF90BB79985} = {4D7AA6CE-9187-4A04-B3DE-765EB9F4E96F}
{66DDC021-9FCC-46C9-9FC4-61956961B250} = {D202C0F3-9360-4550-A804-C407B157306D}
{3FDFC80A-C497-4AF3-9500-B0BCFAC98B74} = {D202C0F3-9360-4550-A804-C407B157306D}
{CD4FAFA4-8B25-4A24-9561-091E5413E1D7} = {D202C0F3-9360-4550-A804-C407B157306D}
{636C191D-DE16-46D4-B4D8-91AD4403958B} = {D202C0F3-9360-4550-A804-C407B157306D}
{827FB1CF-65F9-4D2A-A7C1-32446EE73E8A} = {D202C0F3-9360-4550-A804-C407B157306D}
{9B968EBC-E386-4B5B-B599-73F9ABE4B4CB} = {D202C0F3-9360-4550-A804-C407B157306D}
{D0D074BD-470C-4ABE-A20D-BC283ECCE520} = {D202C0F3-9360-4550-A804-C407B157306D}
{4144D739-189C-4535-9EFA-A2AD4C7E081C} = {D202C0F3-9360-4550-A804-C407B157306D}
{FFDEEC58-415E-48D0-ACFF-02F5C59D7B78} = {D202C0F3-9360-4550-A804-C407B157306D}

	EndGlobalSection
EndGlobal

