
Microsoft Visual Studio Solution File, Format Version 12.00
# Visual Studio 15
VisualStudioVersion = 15.0.27004.2002
MinimumVisualStudioVersion = 10.0.40219.1
Project("{F184B08F-C81C-45F6-A57F-5ABD9991F28F}") = "QueryCreationDemo", "QueryCreationDemo.vbproj", "{636C191D-DE16-46D4-B4D8-91AD4403958B}"
EndProject
Global
	GlobalSection(SolutionConfigurationPlatforms) = preSolution
		Debug|Any CPU = Debug|Any CPU
		Release|Any CPU = Release|Any CPU
	EndGlobalSection
	GlobalSection(ProjectConfigurationPlatforms) = postSolution
		{636C191D-DE16-46D4-B4D8-91AD4403958B}.Debug|Any CPU.ActiveCfg = Debug|Any CPU
		{636C191D-DE16-46D4-B4D8-91AD4403958B}.Debug|Any CPU.Build.0 = Debug|Any CPU
		{636C191D-DE16-46D4-B4D8-91AD4403958B}.Release|Any CPU.ActiveCfg = Release|Any CPU
		{636C191D-DE16-46D4-B4D8-91AD4403958B}.Release|Any CPU.Build.0 = Release|Any CPU
	EndGlobalSection
	GlobalSection(SolutionProperties) = preSolution
		HideSolutionNode = FALSE
	EndGlobalSection
	GlobalSection(ExtensibilityGlobals) = postSolution
		SolutionGuid = {6C9E8E88-53A5-4CD9-809E-BC3A9DA52DB5}
	EndGlobalSection
EndGlobal
